
Microsoft Visual Studio Solution File, Format Version 12.00
# Visual Studio Version 16
VisualStudioVersion = 16.0.31624.102
MinimumVisualStudioVersion = 10.0.40219.1
Project("{FAE04EC0-301F-11D3-BF4B-00C04F79EFBC}") = "AlzaTestFW_ZB", "AlzaTestFW_ZB.csproj", "{4F12300A-A3EF-4AAF-AC32-231FA071F64B}"
EndProject
Global
	GlobalSection(SolutionConfigurationPlatforms) = preSolution
		Debug|Any CPU = Debug|Any CPU
		Release|Any CPU = Release|Any CPU
	EndGlobalSection
	GlobalSection(ProjectConfigurationPlatforms) = postSolution
		{4F12300A-A3EF-4AAF-AC32-231FA071F64B}.Debug|Any CPU.ActiveCfg = Debug|Any CPU
		{4F12300A-A3EF-4AAF-AC32-231FA071F64B}.Debug|Any CPU.Build.0 = Debug|Any CPU
		{4F12300A-A3EF-4AAF-AC32-231FA071F64B}.Release|Any CPU.ActiveCfg = Release|Any CPU
		{4F12300A-A3EF-4AAF-AC32-231FA071F64B}.Release|Any CPU.Build.0 = Release|Any CPU
	EndGlobalSection
	GlobalSection(SolutionProperties) = preSolution
		HideSolutionNode = FALSE
	EndGlobalSection
	GlobalSection(ExtensibilityGlobals) = postSolution
		SolutionGuid = {C1EC9886-5F6A-4EB6-9222-2DB7DFBBDDF4}
	EndGlobalSection
EndGlobal
